
Microsoft Visual Studio Solution File, Format Version 12.00
# Visual Studio Version 16
VisualStudioVersion = 16.0.31613.86
MinimumVisualStudioVersion = 10.0.40219.1
Project("{FAE04EC0-301F-11D3-BF4B-00C04F79EFBC}") = "Banco2021", "Banco2021\Banco2021.csproj", "{E60DC8BC-43F5-4978-9CD3-359C1834A1D0}"
EndProject
Global
	GlobalSection(SolutionConfigurationPlatforms) = preSolution
		Debug|Any CPU = Debug|Any CPU
		Release|Any CPU = Release|Any CPU
	EndGlobalSection
	GlobalSection(ProjectConfigurationPlatforms) = postSolution
		{E60DC8BC-43F5-4978-9CD3-359C1834A1D0}.Debug|Any CPU.ActiveCfg = Debug|Any CPU
		{E60DC8BC-43F5-4978-9CD3-359C1834A1D0}.Debug|Any CPU.Build.0 = Debug|Any CPU
		{E60DC8BC-43F5-4978-9CD3-359C1834A1D0}.Release|Any CPU.ActiveCfg = Release|Any CPU
		{E60DC8BC-43F5-4978-9CD3-359C1834A1D0}.Release|Any CPU.Build.0 = Release|Any CPU
	EndGlobalSection
	GlobalSection(SolutionProperties) = preSolution
		HideSolutionNode = FALSE
	EndGlobalSection
	GlobalSection(ExtensibilityGlobals) = postSolution
		SolutionGuid = {22957D5C-9AB0-4C21-9F67-BAD21F5B91F3}
	EndGlobalSection
EndGlobal
